{
  "nodes": {
    "nixpkgs": {
      "locked": {
        "lastModified": 1766101032,
        "narHash": "sha256-MRiUfV1gmE1imkMpKSiiNiY3+6UrUlX+/OovbhPmuBU=",
        "owner": "nixos",
        "repo": "nixpkgs",
        "rev": "1ebeb74f3016339fd81e9bfa584d342c0eebc0c7",
        "type": "github"
      },
      "original": {
        "owner": "nixos",
        "repo": "nixpkgs",
        "type": "github"
      }
    },
    "root": {
      "inputs": {
        "nixpkgs": "nixpkgs"
      }
    }
  },
  "root": "root",
  "version": 7
}
