{
  "nodes": {
    "nixpkgs": {
      "locked": {
        "lastModified": 1761695873,
        "narHash": "sha256-uE1dSwSDTFbJJku1dR0lWI6BeJL+USUX7OV9wRuKVJM=",
        "owner": "nixos",
        "repo": "nixpkgs",
        "rev": "c60217898e094035fc70a2e7626e0ba1eb16ee71",
        "type": "github"
      },
      "original": {
        "owner": "nixos",
        "repo": "nixpkgs",
        "type": "github"
      }
    },
    "root": {
      "inputs": {
        "nixpkgs": "nixpkgs"
      }
    }
  },
  "root": "root",
  "version": 7
}
